{
  "meteor": {
    "git": "https://github.com/meteor/meteor.git",
    "tag": "release/0.6.2.1",
    "commit": "29ddfc6f3c6b41a694111780ede1400639db1b0c"
  },
  "dependencies": {
    "basePackages": {
      "jquery-ui-bootstrap": {},
      "fullcalendar": {
        "git": "https://github.com/rcy/meteor-fullcalendar",
        "branch": "master"
      }
    },
    "packages": {
      "jquery-ui-bootstrap": {
        "git": "https://github.com/TimHeckel/meteor-jquery-ui-bootstrap.git",
        "tag": "v0.1.2",
        "commit": "fa742a85639307003e105898e15b631394b63509"
      },
      "fullcalendar": {
        "git": "https://github.com/rcy/meteor-fullcalendar",
        "branch": "master",
        "commit": "bf0ba4cad160d711a9a7afc675db221b252fe859"
      },
      "jquery-ui": {
        "git": "https://github.com/TimHeckel/meteor-jquery-ui.git",
        "tag": "v1.9.2",
        "commit": "c437d45edcf1367df8d5ffa8bad2867758030bd2"
      }
    }
  }
}
