{
  "meteor": {
    "git": "https://github.com/meteor/meteor.git",
    "tag": "release/0.6.2.1",
    "commit": "29ddfc6f3c6b41a694111780ede1400639db1b0c"
  },
  "dependencies": {
    "basePackages": {
      "jquery-ui-bootstrap": {},
      "fullcalendar": {},
      "presence": {},
      "moment": {}
    },
    "packages": {
      "jquery-ui-bootstrap": {
        "git": "https://github.com/TimHeckel/meteor-jquery-ui-bootstrap.git",
        "tag": "v0.1.2",
        "commit": "fa742a85639307003e105898e15b631394b63509"
      },
      "fullcalendar": {
        "git": "https://github.com/TimHeckel/meteor-fullcalendar.git",
        "tag": "v1.6.1",
        "commit": "78dba7c564bf7baacf6556c70a3cc179d0e137c4"
      },
      "presence": {
        "git": "https://github.com/tmeasday/meteor-presence.git",
        "tag": "v0.1.3",
        "commit": "60aff56d9d7755ba944426088bd5160d7f2378c1"
      },
      "moment": {
        "git": "https://github.com/possibilities/meteor-moment.git",
        "tag": "v1.7.0",
        "commit": "c64b6ec0e714b9556f4b6643d430b868ba69d3d7"
      },
      "jquery-ui": {
        "git": "https://github.com/TimHeckel/meteor-jquery-ui.git",
        "tag": "v1.9.2",
        "commit": "c437d45edcf1367df8d5ffa8bad2867758030bd2"
      }
    }
  }
}
